
Microsoft Visual Studio Solution File, Format Version 12.00
# Visual Studio Version 16
VisualStudioVersion = 16.0.31410.357
MinimumVisualStudioVersion = 10.0.40219.1
Project("{FAE04EC0-301F-11D3-BF4B-00C04F79EFBC}") = "ZoomIntegration2", "ZoomIntegration2\ZoomIntegration2.csproj", "{8F541862-58F2-4F9A-9F1E-BC9A582924BF}"
EndProject
Global
	GlobalSection(SolutionConfigurationPlatforms) = preSolution
		Debug|Any CPU = Debug|Any CPU
		Release|Any CPU = Release|Any CPU
	EndGlobalSection
	GlobalSection(ProjectConfigurationPlatforms) = postSolution
		{8F541862-58F2-4F9A-9F1E-BC9A582924BF}.Debug|Any CPU.ActiveCfg = Debug|Any CPU
		{8F541862-58F2-4F9A-9F1E-BC9A582924BF}.Debug|Any CPU.Build.0 = Debug|Any CPU
		{8F541862-58F2-4F9A-9F1E-BC9A582924BF}.Release|Any CPU.ActiveCfg = Release|Any CPU
		{8F541862-58F2-4F9A-9F1E-BC9A582924BF}.Release|Any CPU.Build.0 = Release|Any CPU
	EndGlobalSection
	GlobalSection(SolutionProperties) = preSolution
		HideSolutionNode = FALSE
	EndGlobalSection
	GlobalSection(ExtensibilityGlobals) = postSolution
		SolutionGuid = {22A53C9B-37D4-4474-AB5B-33B44AB749EB}
	EndGlobalSection
EndGlobal
